
Microsoft Visual Studio Solution File, Format Version 12.00
# Visual Studio Version 17
VisualStudioVersion = 17.3.32811.315
MinimumVisualStudioVersion = 10.0.40219.1
Project("{9A19103F-16F7-4668-BE54-9A1E7A4F7556}") = "Numero2", "Numero2.csproj", "{5673755A-ADED-4BC1-8428-CE22F29AA971}"
EndProject
Project("{9A19103F-16F7-4668-BE54-9A1E7A4F7556}") = "Numero1", "..\Numero1\Numero1.csproj", "{F66B3840-506D-4708-A75B-BFC15CDDF5C7}"
EndProject
Global
	GlobalSection(SolutionConfigurationPlatforms) = preSolution
		Debug|Any CPU = Debug|Any CPU
		Release|Any CPU = Release|Any CPU
	EndGlobalSection
	GlobalSection(ProjectConfigurationPlatforms) = postSolution
		{5673755A-ADED-4BC1-8428-CE22F29AA971}.Debug|Any CPU.ActiveCfg = Debug|Any CPU
		{5673755A-ADED-4BC1-8428-CE22F29AA971}.Debug|Any CPU.Build.0 = Debug|Any CPU
		{5673755A-ADED-4BC1-8428-CE22F29AA971}.Release|Any CPU.ActiveCfg = Release|Any CPU
		{5673755A-ADED-4BC1-8428-CE22F29AA971}.Release|Any CPU.Build.0 = Release|Any CPU
		{F66B3840-506D-4708-A75B-BFC15CDDF5C7}.Debug|Any CPU.ActiveCfg = Debug|Any CPU
		{F66B3840-506D-4708-A75B-BFC15CDDF5C7}.Debug|Any CPU.Build.0 = Debug|Any CPU
		{F66B3840-506D-4708-A75B-BFC15CDDF5C7}.Release|Any CPU.ActiveCfg = Release|Any CPU
		{F66B3840-506D-4708-A75B-BFC15CDDF5C7}.Release|Any CPU.Build.0 = Release|Any CPU
	EndGlobalSection
	GlobalSection(SolutionProperties) = preSolution
		HideSolutionNode = FALSE
	EndGlobalSection
	GlobalSection(ExtensibilityGlobals) = postSolution
		SolutionGuid = {9CC40769-0A06-4A77-BEE8-6BC868C49B4F}
	EndGlobalSection
EndGlobal
